
Microsoft Visual Studio Solution File, Format Version 12.00
# Visual Studio Version 17
VisualStudioVersion = 17.5.33414.496
MinimumVisualStudioVersion = 10.0.40219.1
Project("{FAE04EC0-301F-11D3-BF4B-00C04F79EFBC}") = "EntityFrameworkConsole", "EntityFrameworkConsole\EntityFrameworkConsole.csproj", "{0D9719E7-F9B8-45A0-8228-19047FA37A55}"
EndProject
Global
	GlobalSection(SolutionConfigurationPlatforms) = preSolution
		Debug|Any CPU = Debug|Any CPU
		Release|Any CPU = Release|Any CPU
	EndGlobalSection
	GlobalSection(ProjectConfigurationPlatforms) = postSolution
		{0D9719E7-F9B8-45A0-8228-19047FA37A55}.Debug|Any CPU.ActiveCfg = Debug|Any CPU
		{0D9719E7-F9B8-45A0-8228-19047FA37A55}.Debug|Any CPU.Build.0 = Debug|Any CPU
		{0D9719E7-F9B8-45A0-8228-19047FA37A55}.Release|Any CPU.ActiveCfg = Release|Any CPU
		{0D9719E7-F9B8-45A0-8228-19047FA37A55}.Release|Any CPU.Build.0 = Release|Any CPU
	EndGlobalSection
	GlobalSection(SolutionProperties) = preSolution
		HideSolutionNode = FALSE
	EndGlobalSection
	GlobalSection(ExtensibilityGlobals) = postSolution
		SolutionGuid = {2B26E648-B94A-46B3-95B3-858A32C9CA9C}
	EndGlobalSection
EndGlobal
